// !$*UTF8*$!
{
	archiveVersion = 1;
	classes = {
	};
	objectVersion = 46;
	objects = {

/* Begin PBXBuildFile section */
		075214531A92B14E00D40CD2 /* main.m in Sources */ = {isa = PBXBuildFile; fileRef = 075214521A92B14E00D40CD2 /* main.m */; };
		075214561A92B14E00D40CD2 /* AppDelegate.m in Sources */ = {isa = PBXBuildFile; fileRef = 075214551A92B14E00D40CD2 /* AppDelegate.m */; };
		075214591A92B14E00D40CD2 /* ViewController.m in Sources */ = {isa = PBXBuildFile; fileRef = 075214581A92B14E00D40CD2 /* ViewController.m */; };
		0752145C1A92B14E00D40CD2 /* Main.storyboard in Resources */ = {isa = PBXBuildFile; fileRef = 0752145A1A92B14E00D40CD2 /* Main.storyboard */; };
		0752145E1A92B14E00D40CD2 /* Images.xcassets in Resources */ = {isa = PBXBuildFile; fileRef = 0752145D1A92B14E00D40CD2 /* Images.xcassets */; };
		075214611A92B14E00D40CD2 /* LaunchScreen.xib in Resources */ = {isa = PBXBuildFile; fileRef = 0752145F1A92B14E00D40CD2 /* LaunchScreen.xib */; };
		0752146D1A92B14E00D40CD2 /* twitterTests.m in Sources */ = {isa = PBXBuildFile; fileRef = 0752146C1A92B14E00D40CD2 /* twitterTests.m */; };
/* End PBXBuildFile section */

/* Begin PBXContainerItemProxy section */
		075214671A92B14E00D40CD2 /* PBXContainerItemProxy */ = {
			isa = PBXContainerItemProxy;
			containerPortal = 075214451A92B14E00D40CD2 /* Project object */;
			proxyType = 1;
			remoteGlobalIDString = 0752144C1A92B14E00D40CD2;
			remoteInfo = twitter;
		};
/* End PBXContainerItemProxy section */

/* Begin PBXFileReference section */
		0752144D1A92B14E00D40CD2 /* twitter.app */ = {isa = PBXFileReference; explicitFileType = wrapper.application; includeInIndex = 0; path = twitter.app; sourceTree = BUILT_PRODUCTS_DIR; };
		075214511A92B14E00D40CD2 /* Info.plist */ = {isa = PBXFileReference; lastKnownFileType = text.plist.xml; path = Info.plist; sourceTree = "<group>"; };
		075214521A92B14E00D40CD2 /* main.m */ = {isa = PBXFileReference; lastKnownFileType = sourcecode.c.objc; path = main.m; sourceTree = "<group>"; };
		075214541A92B14E00D40CD2 /* AppDelegate.h */ = {isa = PBXFileReference; lastKnownFileType = sourcecode.c.h; path = AppDelegate.h; sourceTree = "<group>"; };
		075214551A92B14E00D40CD2 /* AppDelegate.m */ = {isa = PBXFileReference; lastKnownFileType = sourcecode.c.objc; path = AppDelegate.m; sourceTree = "<group>"; };
		075214571A92B14E00D40CD2 /* ViewController.h */ = {isa = PBXFileReference; lastKnownFileType = sourcecode.c.h; path = ViewController.h; sourceTree = "<group>"; };
		075214581A92B14E00D40CD2 /* ViewController.m */ = {isa = PBXFileReference; lastKnownFileType = sourcecode.c.objc; path = ViewController.m; sourceTree = "<group>"; };
		0752145B1A92B14E00D40CD2 /* Base */ = {isa = PBXFileReference; lastKnownFileType = file.storyboard; name = Base; path = Base.lproj/Main.storyboard; sourceTree = "<group>"; };
		0752145D1A92B14E00D40CD2 /* Images.xcassets */ = {isa = PBXFileReference; lastKnownFileType = folder.assetcatalog; path = Images.xcassets; sourceTree = "<group>"; };
		075214601A92B14E00D40CD2 /* Base */ = {isa = PBXFileReference; lastKnownFileType = file.xib; name = Base; path = Base.lproj/LaunchScreen.xib; sourceTree = "<group>"; };
		075214661A92B14E00D40CD2 /* twitterTests.xctest */ = {isa = PBXFileReference; explicitFileType = wrapper.cfbundle; includeInIndex = 0; path = twitterTests.xctest; sourceTree = BUILT_PRODUCTS_DIR; };
		0752146B1A92B14E00D40CD2 /* Info.plist */ = {isa = PBXFileReference; lastKnownFileType = text.plist.xml; path = Info.plist; sourceTree = "<group>"; };
		0752146C1A92B14E00D40CD2 /* twitterTests.m */ = {isa = PBXFileReference; lastKnownFileType = sourcecode.c.objc; path = twitterTests.m; sourceTree = "<group>"; };
/* End PBXFileReference section */

/* Begin PBXFrameworksBuildPhase section */
		0752144A1A92B14E00D40CD2 /* Frameworks */ = {
			isa = PBXFrameworksBuildPhase;
			buildActionMask = 2147483647;
			files = (
			);
			runOnlyForDeploymentPostprocessing = 0;
		};
		075214631A92B14E00D40CD2 /* Frameworks */ = {
			isa = PBXFrameworksBuildPhase;
			buildActionMask = 2147483647;
			files = (
			);
			runOnlyForDeploymentPostprocessing = 0;
		};
/* End PBXFrameworksBuildPhase section */

/* Begin PBXGroup section */
		075214441A92B14E00D40CD2 = {
			isa = PBXGroup;
			children = (
				0752144F1A92B14E00D40CD2 /* twitter */,
				075214691A92B14E00D40CD2 /* twitterTests */,
				0752144E1A92B14E00D40CD2 /* Products */,
			);
			sourceTree = "<group>";
		};
		0752144E1A92B14E00D40CD2 /* Products */ = {
			isa = PBXGroup;
			children = (
				0752144D1A92B14E00D40CD2 /* twitter.app */,
				075214661A92B14E00D40CD2 /* twitterTests.xctest */,
			);
			name = Products;
			sourceTree = "<group>";
		};
		0752144F1A92B14E00D40CD2 /* twitter */ = {
			isa = PBXGroup;
			children = (
				075214541A92B14E00D40CD2 /* AppDelegate.h */,
				075214551A92B14E00D40CD2 /* AppDelegate.m */,
				075214571A92B14E00D40CD2 /* ViewController.h */,
				075214581A92B14E00D40CD2 /* ViewController.m */,
				0752145A1A92B14E00D40CD2 /* Main.storyboard */,
				0752145D1A92B14E00D40CD2 /* Images.xcassets */,
				0752145F1A92B14E00D40CD2 /* LaunchScreen.xib */,
				075214501A92B14E00D40CD2 /* Supporting Files */,
			);
			path = twitter;
			sourceTree = "<group>";
		};
		075214501A92B14E00D40CD2 /* Supporting Files */ = {
			isa = PBXGroup;
			children = (
				075214511A92B14E00D40CD2 /* Info.plist */,
				075214521A92B14E00D40CD2 /* main.m */,
			);
			name = "Supporting Files";
			sourceTree = "<group>";
		};
		075214691A92B14E00D40CD2 /* twitterTests */ = {
			isa = PBXGroup;
			children = (
				0752146C1A92B14E00D40CD2 /* twitterTests.m */,
				0752146A1A92B14E00D40CD2 /* Supporting Files */,
			);
			path = twitterTests;
			sourceTree = "<group>";
		};
		0752146A1A92B14E00D40CD2 /* Supporting Files */ = {
			isa = PBXGroup;
			children = (
				0752146B1A92B14E00D40CD2 /* Info.plist */,
			);
			name = "Supporting Files";
			sourceTree = "<group>";
		};
/* End PBXGroup section */

/* Begin PBXNativeTarget section */
		0752144C1A92B14E00D40CD2 /* twitter */ = {
			isa = PBXNativeTarget;
			buildConfigurationList = 075214701A92B14E00D40CD2 /* Build configuration list for PBXNativeTarget "twitter" */;
			buildPhases = (
				075214491A92B14E00D40CD2 /* Sources */,
				0752144A1A92B14E00D40CD2 /* Frameworks */,
				0752144B1A92B14E00D40CD2 /* Resources */,
			);
			buildRules = (
			);
			dependencies = (
			);
			name = twitter;
			productName = twitter;
			productReference = 0752144D1A92B14E00D40CD2 /* twitter.app */;
			productType = "com.apple.product-type.application";
		};
		075214651A92B14E00D40CD2 /* twitterTests */ = {
			isa = PBXNativeTarget;
			buildConfigurationList = 075214731A92B14E00D40CD2 /* Build configuration list for PBXNativeTarget "twitterTests" */;
			buildPhases = (
				075214621A92B14E00D40CD2 /* Sources */,
				075214631A92B14E00D40CD2 /* Frameworks */,
				075214641A92B14E00D40CD2 /* Resources */,
			);
			buildRules = (
			);
			dependencies = (
				075214681A92B14E00D40CD2 /* PBXTargetDependency */,
			);
			name = twitterTests;
			productName = twitterTests;
			productReference = 075214661A92B14E00D40CD2 /* twitterTests.xctest */;
			productType = "com.apple.product-type.bundle.unit-test";
		};
/* End PBXNativeTarget section */

/* Begin PBXProject section */
		075214451A92B14E00D40CD2 /* Project object */ = {
			isa = PBXProject;
			attributes = {
				LastUpgradeCheck = 0610;
				ORGANIZATIONNAME = "Ke Huang";
				TargetAttributes = {
					0752144C1A92B14E00D40CD2 = {
						CreatedOnToolsVersion = 6.1.1;
					};
					075214651A92B14E00D40CD2 = {
						CreatedOnToolsVersion = 6.1.1;
						TestTargetID = 0752144C1A92B14E00D40CD2;
					};
				};
			};
			buildConfigurationList = 075214481A92B14E00D40CD2 /* Build configuration list for PBXProject "twitter" */;
			compatibilityVersion = "Xcode 3.2";
			developmentRegion = English;
			hasScannedForEncodings = 0;
			knownRegions = (
				en,
				Base,
			);
			mainGroup = 075214441A92B14E00D40CD2;
			productRefGroup = 0752144E1A92B14E00D40CD2 /* Products */;
			projectDirPath = "";
			projectRoot = "";
			targets = (
				0752144C1A92B14E00D40CD2 /* twitter */,
				075214651A92B14E00D40CD2 /* twitterTests */,
			);
		};
/* End PBXProject section */

/* Begin PBXResourcesBuildPhase section */
		0752144B1A92B14E00D40CD2 /* Resources */ = {
			isa = PBXResourcesBuildPhase;
			buildActionMask = 2147483647;
			files = (
				0752145C1A92B14E00D40CD2 /* Main.storyboard in Resources */,
				075214611A92B14E00D40CD2 /* LaunchScreen.xib in Resources */,
				0752145E1A92B14E00D40CD2 /* Images.xcassets in Resources */,
			);
			runOnlyForDeploymentPostprocessing = 0;
		};
		075214641A92B14E00D40CD2 /* Resources */ = {
			isa = PBXResourcesBuildPhase;
			buildActionMask = 2147483647;
			files = (
			);
			runOnlyForDeploymentPostprocessing = 0;
		};
/* End PBXResourcesBuildPhase section */

/* Begin PBXSourcesBuildPhase section */
		075214491A92B14E00D40CD2 /* Sources */ = {
			isa = PBXSourcesBuildPhase;
			buildActionMask = 2147483647;
			files = (
				075214591A92B14E00D40CD2 /* ViewController.m in Sources */,
				075214561A92B14E00D40CD2 /* AppDelegate.m in Sources */,
				075214531A92B14E00D40CD2 /* main.m in Sources */,
			);
			runOnlyForDeploymentPostprocessing = 0;
		};
		075214621A92B14E00D40CD2 /* Sources */ = {
			isa = PBXSourcesBuildPhase;
			buildActionMask = 2147483647;
			files = (
				0752146D1A92B14E00D40CD2 /* twitterTests.m in Sources */,
			);
			runOnlyForDeploymentPostprocessing = 0;
		};
/* End PBXSourcesBuildPhase section */

/* Begin PBXTargetDependency section */
		075214681A92B14E00D40CD2 /* PBXTargetDependency */ = {
			isa = PBXTargetDependency;
			target = 0752144C1A92B14E00D40CD2 /* twitter */;
			targetProxy = 075214671A92B14E00D40CD2 /* PBXContainerItemProxy */;
		};
/* End PBXTargetDependency section */

/* Begin PBXVariantGroup section */
		0752145A1A92B14E00D40CD2 /* Main.storyboard */ = {
			isa = PBXVariantGroup;
			children = (
				0752145B1A92B14E00D40CD2 /* Base */,
			);
			name = Main.storyboard;
			sourceTree = "<group>";
		};
		0752145F1A92B14E00D40CD2 /* LaunchScreen.xib */ = {
			isa = PBXVariantGroup;
			children = (
				075214601A92B14E00D40CD2 /* Base */,
			);
			name = LaunchScreen.xib;
			sourceTree = "<group>";
		};
/* End PBXVariantGroup section */

/* Begin XCBuildConfiguration section */
		0752146E1A92B14E00D40CD2 /* Debug */ = {
			isa = XCBuildConfiguration;
			buildSettings = {
				ALWAYS_SEARCH_USER_PATHS = NO;
				CLANG_CXX_LANGUAGE_STANDARD = "gnu++0x";
				CLANG_CXX_LIBRARY = "libc++";
				CLANG_ENABLE_MODULES = YES;
				CLANG_ENABLE_OBJC_ARC = YES;
				CLANG_WARN_BOOL_CONVERSION = YES;
				CLANG_WARN_CONSTANT_CONVERSION = YES;
				CLANG_WARN_DIRECT_OBJC_ISA_USAGE = YES_ERROR;
				CLANG_WARN_EMPTY_BODY = YES;
				CLANG_WARN_ENUM_CONVERSION = YES;
				CLANG_WARN_INT_CONVERSION = YES;
				CLANG_WARN_OBJC_ROOT_CLASS = YES_ERROR;
				CLANG_WARN_UNREACHABLE_CODE = YES;
				CLANG_WARN__DUPLICATE_METHOD_MATCH = YES;
				"CODE_SIGN_IDENTITY[sdk=iphoneos*]" = "iPhone Developer";
				COPY_PHASE_STRIP = NO;
				ENABLE_STRICT_OBJC_MSGSEND = YES;
				GCC_C_LANGUAGE_STANDARD = gnu99;
				GCC_DYNAMIC_NO_PIC = NO;
				GCC_OPTIMIZATION_LEVEL = 0;
				GCC_PREPROCESSOR_DEFINITIONS = (
					"DEBUG=1",
					"$(inherited)",
				);
				GCC_SYMBOLS_PRIVATE_EXTERN = NO;
				GCC_WARN_64_TO_32_BIT_CONVERSION = YES;
				GCC_WARN_ABOUT_RETURN_TYPE = YES_ERROR;
				GCC_WARN_UNDECLARED_SELECTOR = YES;
				GCC_WARN_UNINITIALIZED_AUTOS = YES_AGGRESSIVE;
				GCC_WARN_UNUSED_FUNCTION = YES;
				GCC_WARN_UNUSED_VARIABLE = YES;
				IPHONEOS_DEPLOYMENT_TARGET = 8.1;
				MTL_ENABLE_DEBUG_INFO = YES;
				ONLY_ACTIVE_ARCH = YES;
				SDKROOT = iphoneos;
			};
			name = Debug;
		};
		0752146F1A92B14E00D40CD2 /* Release */ = {
			isa = XCBuildConfiguration;
			buildSettings = {
				ALWAYS_SEARCH_USER_PATHS = NO;
				CLANG_CXX_LANGUAGE_STANDARD = "gnu++0x";
				CLANG_CXX_LIBRARY = "libc++";
				CLANG_ENABLE_MODULES = YES;
				CLANG_ENABLE_OBJC_ARC = YES;
				CLANG_WARN_BOOL_CONVERSION = YES;
				CLANG_WARN_CONSTANT_CONVERSION = YES;
				CLANG_WARN_DIRECT_OBJC_ISA_USAGE = YES_ERROR;
				CLANG_WARN_EMPTY_BODY = YES;
				CLANG_WARN_ENUM_CONVERSION = YES;
				CLANG_WARN_INT_CONVERSION = YES;
				CLANG_WARN_OBJC_ROOT_CLASS = YES_ERROR;
				CLANG_WARN_UNREACHABLE_CODE = YES;
				CLANG_WARN__DUPLICATE_METHOD_MATCH = YES;
				"CODE_SIGN_IDENTITY[sdk=iphoneos*]" = "iPhone Developer";
				COPY_PHASE_STRIP = YES;
				ENABLE_NS_ASSERTIONS = NO;
				ENABLE_STRICT_OBJC_MSGSEND = YES;
				GCC_C_LANGUAGE_STANDARD = gnu99;
				GCC_WARN_64_TO_32_BIT_CONVERSION = YES;
				GCC_WARN_ABOUT_RETURN_TYPE = YES_ERROR;
				GCC_WARN_UNDECLARED_SELECTOR = YES;
				GCC_WARN_UNINITIALIZED_AUTOS = YES_AGGRESSIVE;
				GCC_WARN_UNUSED_FUNCTION = YES;
				GCC_WARN_UNUSED_VARIABLE = YES;
				IPHONEOS_DEPLOYMENT_TARGET = 8.1;
				MTL_ENABLE_DEBUG_INFO = NO;
				SDKROOT = iphoneos;
				VALIDATE_PRODUCT = YES;
			};
			name = Release;
		};
		075214711A92B14E00D40CD2 /* Debug */ = {
			isa = XCBuildConfiguration;
			buildSettings = {
				ASSETCATALOG_COMPILER_APPICON_NAME = AppIcon;
				INFOPLIST_FILE = twitter/Info.plist;
				LD_RUNPATH_SEARCH_PATHS = "$(inherited) @executable_path/Frameworks";
				PRODUCT_NAME = "$(TARGET_NAME)";
			};
			name = Debug;
		};
		075214721A92B14E00D40CD2 /* Release */ = {
			isa = XCBuildConfiguration;
			buildSettings = {
				ASSETCATALOG_COMPILER_APPICON_NAME = AppIcon;
				INFOPLIST_FILE = twitter/Info.plist;
				LD_RUNPATH_SEARCH_PATHS = "$(inherited) @executable_path/Frameworks";
				PRODUCT_NAME = "$(TARGET_NAME)";
			};
			name = Release;
		};
		075214741A92B14E00D40CD2 /* Debug */ = {
			isa = XCBuildConfiguration;
			buildSettings = {
				BUNDLE_LOADER = "$(TEST_HOST)";
				FRAMEWORK_SEARCH_PATHS = (
					"$(SDKROOT)/Developer/Library/Frameworks",
					"$(inherited)",
				);
				GCC_PREPROCESSOR_DEFINITIONS = (
					"DEBUG=1",
					"$(inherited)",
				);
				INFOPLIST_FILE = twitterTests/Info.plist;
				LD_RUNPATH_SEARCH_PATHS = "$(inherited) @executable_path/Frameworks @loader_path/Frameworks";
				PRODUCT_NAME = "$(TARGET_NAME)";
				TEST_HOST = "$(BUILT_PRODUCTS_DIR)/twitter.app/twitter";
			};
			name = Debug;
		};
		075214751A92B14E00D40CD2 /* Release */ = {
			isa = XCBuildConfiguration;
			buildSettings = {
				BUNDLE_LOADER = "$(TEST_HOST)";
				FRAMEWORK_SEARCH_PATHS = (
					"$(SDKROOT)/Developer/Library/Frameworks",
					"$(inherited)",
				);
				INFOPLIST_FILE = twitterTests/Info.plist;
				LD_RUNPATH_SEARCH_PATHS = "$(inherited) @executable_path/Frameworks @loader_path/Frameworks";
				PRODUCT_NAME = "$(TARGET_NAME)";
				TEST_HOST = "$(BUILT_PRODUCTS_DIR)/twitter.app/twitter";
			};
			name = Release;
		};
/* End XCBuildConfiguration section */

/* Begin XCConfigurationList section */
		075214481A92B14E00D40CD2 /* Build configuration list for PBXProject "twitter" */ = {
			isa = XCConfigurationList;
			buildConfigurations = (
				0752146E1A92B14E00D40CD2 /* Debug */,
				0752146F1A92B14E00D40CD2 /* Release */,
			);
			defaultConfigurationIsVisible = 0;
			defaultConfigurationName = Release;
		};
		075214701A92B14E00D40CD2 /* Build configuration list for PBXNativeTarget "twitter" */ = {
			isa = XCConfigurationList;
			buildConfigurations = (
				075214711A92B14E00D40CD2 /* Debug */,
				075214721A92B14E00D40CD2 /* Release */,
			);
			defaultConfigurationIsVisible = 0;
		};
		075214731A92B14E00D40CD2 /* Build configuration list for PBXNativeTarget "twitterTests" */ = {
			isa = XCConfigurationList;
			buildConfigurations = (
				075214741A92B14E00D40CD2 /* Debug */,
				075214751A92B14E00D40CD2 /* Release */,
			);
			defaultConfigurationIsVisible = 0;
		};
/* End XCConfigurationList section */
	};
	rootObject = 075214451A92B14E00D40CD2 /* Project object */;
}
